
Microsoft Visual Studio Solution File, Format Version 12.00
# Visual Studio Version 17
VisualStudioVersion = 17.12.35527.113
MinimumVisualStudioVersion = 10.0.40219.1
Project("{FAE04EC0-301F-11D3-BF4B-00C04F79EFBC}") = "GameNetManagment.Core", "GameNetManagment.Core\GameNetManagment.Core.csproj", "{C95DC109-1BCD-4619-875F-AD92D84ADCE6}"
EndProject
Project("{FAE04EC0-301F-11D3-BF4B-00C04F79EFBC}") = "GameNetManagment.Data", "GameNetManagment.Data\GameNetManagment.Data.csproj", "{E1F34CFD-B005-4AC3-ABFE-8DC36FA3C59E}"
EndProject
Project("{FAE04EC0-301F-11D3-BF4B-00C04F79EFBC}") = "GameNetManagment.Server", "GameNetManagment.Server\GameNetManagment.Server.csproj", "{7CAA2AF7-404D-43A1-9734-F50D0F119969}"
EndProject
Project("{FAE04EC0-301F-11D3-BF4B-00C04F79EFBC}") = "GameNetManagment.AdminPanel", "GameNetManagment.AdminPanel\GameNetManagment.AdminPanel.csproj", "{47F70114-4AE6-425E-88AE-A808A41E6551}"
EndProject
Project("{FAE04EC0-301F-11D3-BF4B-00C04F79EFBC}") = "GameNetManagment.ClientAgent", "GameNetManagment.ClientAgent\GameNetManagment.ClientAgent.csproj", "{285F69A8-FB83-48E7-94D1-A2289791741F}"
EndProject
Global
	GlobalSection(SolutionConfigurationPlatforms) = preSolution
		Debug|Any CPU = Debug|Any CPU
		Release|Any CPU = Release|Any CPU
	EndGlobalSection
	GlobalSection(ProjectConfigurationPlatforms) = postSolution
		{C95DC109-1BCD-4619-875F-AD92D84ADCE6}.Debug|Any CPU.ActiveCfg = Debug|Any CPU
		{C95DC109-1BCD-4619-875F-AD92D84ADCE6}.Debug|Any CPU.Build.0 = Debug|Any CPU
		{C95DC109-1BCD-4619-875F-AD92D84ADCE6}.Release|Any CPU.ActiveCfg = Release|Any CPU
		{C95DC109-1BCD-4619-875F-AD92D84ADCE6}.Release|Any CPU.Build.0 = Release|Any CPU
		{E1F34CFD-B005-4AC3-ABFE-8DC36FA3C59E}.Debug|Any CPU.ActiveCfg = Debug|Any CPU
		{E1F34CFD-B005-4AC3-ABFE-8DC36FA3C59E}.Debug|Any CPU.Build.0 = Debug|Any CPU
		{E1F34CFD-B005-4AC3-ABFE-8DC36FA3C59E}.Release|Any CPU.ActiveCfg = Release|Any CPU
		{E1F34CFD-B005-4AC3-ABFE-8DC36FA3C59E}.Release|Any CPU.Build.0 = Release|Any CPU
		{7CAA2AF7-404D-43A1-9734-F50D0F119969}.Debug|Any CPU.ActiveCfg = Debug|Any CPU
		{7CAA2AF7-404D-43A1-9734-F50D0F119969}.Debug|Any CPU.Build.0 = Debug|Any CPU
		{7CAA2AF7-404D-43A1-9734-F50D0F119969}.Release|Any CPU.ActiveCfg = Release|Any CPU
		{7CAA2AF7-404D-43A1-9734-F50D0F119969}.Release|Any CPU.Build.0 = Release|Any CPU
		{47F70114-4AE6-425E-88AE-A808A41E6551}.Debug|Any CPU.ActiveCfg = Debug|Any CPU
		{47F70114-4AE6-425E-88AE-A808A41E6551}.Debug|Any CPU.Build.0 = Debug|Any CPU
		{47F70114-4AE6-425E-88AE-A808A41E6551}.Release|Any CPU.ActiveCfg = Release|Any CPU
		{47F70114-4AE6-425E-88AE-A808A41E6551}.Release|Any CPU.Build.0 = Release|Any CPU
		{285F69A8-FB83-48E7-94D1-A2289791741F}.Debug|Any CPU.ActiveCfg = Debug|Any CPU
		{285F69A8-FB83-48E7-94D1-A2289791741F}.Debug|Any CPU.Build.0 = Debug|Any CPU
		{285F69A8-FB83-48E7-94D1-A2289791741F}.Release|Any CPU.ActiveCfg = Release|Any CPU
		{285F69A8-FB83-48E7-94D1-A2289791741F}.Release|Any CPU.Build.0 = Release|Any CPU
	EndGlobalSection
	GlobalSection(SolutionProperties) = preSolution
		HideSolutionNode = FALSE
	EndGlobalSection
EndGlobal
